// !$*UTF8*$!
{
	archiveVersion = 1;
	classes = {
	};
	objectVersion = 55;
	objects = {

/* Begin PBXBuildFile section */
		4EC3CBE6286C78EF00385249 /* weatherAppApp.swift in Sources */ = {isa = PBXBuildFile; fileRef = 4EC3CBE5286C78EF00385249 /* weatherAppApp.swift */; };
		4EC3CBEA286C78F000385249 /* Assets.xcassets in Resources */ = {isa = PBXBuildFile; fileRef = 4EC3CBE9286C78F000385249 /* Assets.xcassets */; };
		4EC3CBED286C78F000385249 /* Preview Assets.xcassets in Resources */ = {isa = PBXBuildFile; fileRef = 4EC3CBEC286C78F000385249 /* Preview Assets.xcassets */; };
		4EC3CBF5286C797D00385249 /* LocationManager.swift in Sources */ = {isa = PBXBuildFile; fileRef = 4EC3CBF4286C797D00385249 /* LocationManager.swift */; };
		4EC3CBF8286C7A9000385249 /* WelcomeView.swift in Sources */ = {isa = PBXBuildFile; fileRef = 4EC3CBF7286C7A9000385249 /* WelcomeView.swift */; };
		4EC3CBFA286C7BFC00385249 /* LoadingView.swift in Sources */ = {isa = PBXBuildFile; fileRef = 4EC3CBF9286C7BFC00385249 /* LoadingView.swift */; };
		4EC3CBFC286C7CA200385249 /* WeatherManager.swift in Sources */ = {isa = PBXBuildFile; fileRef = 4EC3CBFB286C7CA200385249 /* WeatherManager.swift */; };
		4EC3CBFF286C7E4100385249 /* CurrentWeatherModel.swift in Sources */ = {isa = PBXBuildFile; fileRef = 4EC3CBFE286C7E4100385249 /* CurrentWeatherModel.swift */; };
		4EC3CC01286C7FC000385249 /* WeatherView.swift in Sources */ = {isa = PBXBuildFile; fileRef = 4EC3CC00286C7FC000385249 /* WeatherView.swift */; };
		4EC3CC03286C812500385249 /* Extensions.swift in Sources */ = {isa = PBXBuildFile; fileRef = 4EC3CC02286C812500385249 /* Extensions.swift */; };
		4EC3CC05286C81CC00385249 /* HomeView.swift in Sources */ = {isa = PBXBuildFile; fileRef = 4EC3CC04286C81CC00385249 /* HomeView.swift */; };
		4EC3CC07286C942E00385249 /* AirPollutionModel.swift in Sources */ = {isa = PBXBuildFile; fileRef = 4EC3CC06286C942E00385249 /* AirPollutionModel.swift */; };
		4EC3CC0A286C952B00385249 /* Constants.swift in Sources */ = {isa = PBXBuildFile; fileRef = 4EC3CC09286C952B00385249 /* Constants.swift */; };
		4EC3CC0C286CD0CE00385249 /* DailyWeatherModel.swift in Sources */ = {isa = PBXBuildFile; fileRef = 4EC3CC0B286CD0CE00385249 /* DailyWeatherModel.swift */; };
/* End PBXBuildFile section */

/* Begin PBXFileReference section */
		4EC3CBE2286C78EF00385249 /* weatherApp.app */ = {isa = PBXFileReference; explicitFileType = wrapper.application; includeInIndex = 0; path = weatherApp.app; sourceTree = BUILT_PRODUCTS_DIR; };
		4EC3CBE5286C78EF00385249 /* weatherAppApp.swift */ = {isa = PBXFileReference; lastKnownFileType = sourcecode.swift; path = weatherAppApp.swift; sourceTree = "<group>"; };
		4EC3CBE9286C78F000385249 /* Assets.xcassets */ = {isa = PBXFileReference; lastKnownFileType = folder.assetcatalog; path = Assets.xcassets; sourceTree = "<group>"; };
		4EC3CBEC286C78F000385249 /* Preview Assets.xcassets */ = {isa = PBXFileReference; lastKnownFileType = folder.assetcatalog; path = "Preview Assets.xcassets"; sourceTree = "<group>"; };
		4EC3CBF4286C797D00385249 /* LocationManager.swift */ = {isa = PBXFileReference; lastKnownFileType = sourcecode.swift; path = LocationManager.swift; sourceTree = "<group>"; };
		4EC3CBF7286C7A9000385249 /* WelcomeView.swift */ = {isa = PBXFileReference; lastKnownFileType = sourcecode.swift; path = WelcomeView.swift; sourceTree = "<group>"; };
		4EC3CBF9286C7BFC00385249 /* LoadingView.swift */ = {isa = PBXFileReference; lastKnownFileType = sourcecode.swift; path = LoadingView.swift; sourceTree = "<group>"; };
		4EC3CBFB286C7CA200385249 /* WeatherManager.swift */ = {isa = PBXFileReference; lastKnownFileType = sourcecode.swift; path = WeatherManager.swift; sourceTree = "<group>"; };
		4EC3CBFE286C7E4100385249 /* CurrentWeatherModel.swift */ = {isa = PBXFileReference; lastKnownFileType = sourcecode.swift; path = CurrentWeatherModel.swift; sourceTree = "<group>"; };
		4EC3CC00286C7FC000385249 /* WeatherView.swift */ = {isa = PBXFileReference; lastKnownFileType = sourcecode.swift; path = WeatherView.swift; sourceTree = "<group>"; };
		4EC3CC02286C812500385249 /* Extensions.swift */ = {isa = PBXFileReference; lastKnownFileType = sourcecode.swift; path = Extensions.swift; sourceTree = "<group>"; };
		4EC3CC04286C81CC00385249 /* HomeView.swift */ = {isa = PBXFileReference; lastKnownFileType = sourcecode.swift; path = HomeView.swift; sourceTree = "<group>"; };
		4EC3CC06286C942E00385249 /* AirPollutionModel.swift */ = {isa = PBXFileReference; lastKnownFileType = sourcecode.swift; path = AirPollutionModel.swift; sourceTree = "<group>"; };
		4EC3CC09286C952B00385249 /* Constants.swift */ = {isa = PBXFileReference; lastKnownFileType = sourcecode.swift; path = Constants.swift; sourceTree = "<group>"; };
		4EC3CC0B286CD0CE00385249 /* DailyWeatherModel.swift */ = {isa = PBXFileReference; lastKnownFileType = sourcecode.swift; path = DailyWeatherModel.swift; sourceTree = "<group>"; };
/* End PBXFileReference section */

/* Begin PBXFrameworksBuildPhase section */
		4EC3CBDF286C78EF00385249 /* Frameworks */ = {
			isa = PBXFrameworksBuildPhase;
			buildActionMask = 2147483647;
			files = (
			);
			runOnlyForDeploymentPostprocessing = 0;
		};
/* End PBXFrameworksBuildPhase section */

/* Begin PBXGroup section */
		4EC3CBD9286C78EF00385249 = {
			isa = PBXGroup;
			children = (
				4EC3CBE4286C78EF00385249 /* weatherApp */,
				4EC3CBE3286C78EF00385249 /* Products */,
			);
			sourceTree = "<group>";
		};
		4EC3CBE3286C78EF00385249 /* Products */ = {
			isa = PBXGroup;
			children = (
				4EC3CBE2286C78EF00385249 /* weatherApp.app */,
			);
			name = Products;
			sourceTree = "<group>";
		};
		4EC3CBE4286C78EF00385249 /* weatherApp */ = {
			isa = PBXGroup;
			children = (
				4EC3CC08286C952300385249 /* Resources */,
				4EC3CBFD286C7E2F00385249 /* Models */,
				4EC3CBF6286C7A5000385249 /* Views */,
				4EC3CBF3286C797200385249 /* Managers */,
				4EC3CBE5286C78EF00385249 /* weatherAppApp.swift */,
				4EC3CBE9286C78F000385249 /* Assets.xcassets */,
				4EC3CBEB286C78F000385249 /* Preview Content */,
				4EC3CC02286C812500385249 /* Extensions.swift */,
			);
			path = weatherApp;
			sourceTree = "<group>";
		};
		4EC3CBEB286C78F000385249 /* Preview Content */ = {
			isa = PBXGroup;
			children = (
				4EC3CBEC286C78F000385249 /* Preview Assets.xcassets */,
			);
			path = "Preview Content";
			sourceTree = "<group>";
		};
		4EC3CBF3286C797200385249 /* Managers */ = {
			isa = PBXGroup;
			children = (
				4EC3CBF4286C797D00385249 /* LocationManager.swift */,
				4EC3CBFB286C7CA200385249 /* WeatherManager.swift */,
			);
			path = Managers;
			sourceTree = "<group>";
		};
		4EC3CBF6286C7A5000385249 /* Views */ = {
			isa = PBXGroup;
			children = (
				4EC3CBF7286C7A9000385249 /* WelcomeView.swift */,
				4EC3CBF9286C7BFC00385249 /* LoadingView.swift */,
				4EC3CC00286C7FC000385249 /* WeatherView.swift */,
				4EC3CC04286C81CC00385249 /* HomeView.swift */,
			);
			path = Views;
			sourceTree = "<group>";
		};
		4EC3CBFD286C7E2F00385249 /* Models */ = {
			isa = PBXGroup;
			children = (
				4EC3CBFE286C7E4100385249 /* CurrentWeatherModel.swift */,
				4EC3CC06286C942E00385249 /* AirPollutionModel.swift */,
				4EC3CC0B286CD0CE00385249 /* DailyWeatherModel.swift */,
			);
			path = Models;
			sourceTree = "<group>";
		};
		4EC3CC08286C952300385249 /* Resources */ = {
			isa = PBXGroup;
			children = (
				4EC3CC09286C952B00385249 /* Constants.swift */,
			);
			path = Resources;
			sourceTree = "<group>";
		};
/* End PBXGroup section */

/* Begin PBXNativeTarget section */
		4EC3CBE1286C78EF00385249 /* weatherApp */ = {
			isa = PBXNativeTarget;
			buildConfigurationList = 4EC3CBF0286C78F000385249 /* Build configuration list for PBXNativeTarget "weatherApp" */;
			buildPhases = (
				4EC3CBDE286C78EF00385249 /* Sources */,
				4EC3CBDF286C78EF00385249 /* Frameworks */,
				4EC3CBE0286C78EF00385249 /* Resources */,
			);
			buildRules = (
			);
			dependencies = (
			);
			name = weatherApp;
			productName = weatherApp;
			productReference = 4EC3CBE2286C78EF00385249 /* weatherApp.app */;
			productType = "com.apple.product-type.application";
		};
/* End PBXNativeTarget section */

/* Begin PBXProject section */
		4EC3CBDA286C78EF00385249 /* Project object */ = {
			isa = PBXProject;
			attributes = {
				BuildIndependentTargetsInParallel = 1;
				LastSwiftUpdateCheck = 1340;
				LastUpgradeCheck = 1340;
				TargetAttributes = {
					4EC3CBE1286C78EF00385249 = {
						CreatedOnToolsVersion = 13.4.1;
					};
				};
			};
			buildConfigurationList = 4EC3CBDD286C78EF00385249 /* Build configuration list for PBXProject "weatherApp" */;
			compatibilityVersion = "Xcode 13.0";
			developmentRegion = en;
			hasScannedForEncodings = 0;
			knownRegions = (
				en,
				Base,
			);
			mainGroup = 4EC3CBD9286C78EF00385249;
			productRefGroup = 4EC3CBE3286C78EF00385249 /* Products */;
			projectDirPath = "";
			projectRoot = "";
			targets = (
				4EC3CBE1286C78EF00385249 /* weatherApp */,
			);
		};
/* End PBXProject section */

/* Begin PBXResourcesBuildPhase section */
		4EC3CBE0286C78EF00385249 /* Resources */ = {
			isa = PBXResourcesBuildPhase;
			buildActionMask = 2147483647;
			files = (
				4EC3CBED286C78F000385249 /* Preview Assets.xcassets in Resources */,
				4EC3CBEA286C78F000385249 /* Assets.xcassets in Resources */,
			);
			runOnlyForDeploymentPostprocessing = 0;
		};
/* End PBXResourcesBuildPhase section */

/* Begin PBXSourcesBuildPhase section */
		4EC3CBDE286C78EF00385249 /* Sources */ = {
			isa = PBXSourcesBuildPhase;
			buildActionMask = 2147483647;
			files = (
				4EC3CBFC286C7CA200385249 /* WeatherManager.swift in Sources */,
				4EC3CC0A286C952B00385249 /* Constants.swift in Sources */,
				4EC3CC0C286CD0CE00385249 /* DailyWeatherModel.swift in Sources */,
				4EC3CC03286C812500385249 /* Extensions.swift in Sources */,
				4EC3CC05286C81CC00385249 /* HomeView.swift in Sources */,
				4EC3CC07286C942E00385249 /* AirPollutionModel.swift in Sources */,
				4EC3CBFF286C7E4100385249 /* CurrentWeatherModel.swift in Sources */,
				4EC3CBE6286C78EF00385249 /* weatherAppApp.swift in Sources */,
				4EC3CBF5286C797D00385249 /* LocationManager.swift in Sources */,
				4EC3CBFA286C7BFC00385249 /* LoadingView.swift in Sources */,
				4EC3CBF8286C7A9000385249 /* WelcomeView.swift in Sources */,
				4EC3CC01286C7FC000385249 /* WeatherView.swift in Sources */,
			);
			runOnlyForDeploymentPostprocessing = 0;
		};
/* End PBXSourcesBuildPhase section */

/* Begin XCBuildConfiguration section */
		4EC3CBEE286C78F000385249 /* Debug */ = {
			isa = XCBuildConfiguration;
			buildSettings = {
				ALWAYS_SEARCH_USER_PATHS = NO;
				CLANG_ANALYZER_NONNULL = YES;
				CLANG_ANALYZER_NUMBER_OBJECT_CONVERSION = YES_AGGRESSIVE;
				CLANG_CXX_LANGUAGE_STANDARD = "gnu++17";
				CLANG_ENABLE_MODULES = YES;
				CLANG_ENABLE_OBJC_ARC = YES;
				CLANG_ENABLE_OBJC_WEAK = YES;
				CLANG_WARN_BLOCK_CAPTURE_AUTORELEASING = YES;
				CLANG_WARN_BOOL_CONVERSION = YES;
				CLANG_WARN_COMMA = YES;
				CLANG_WARN_CONSTANT_CONVERSION = YES;
				CLANG_WARN_DEPRECATED_OBJC_IMPLEMENTATIONS = YES;
				CLANG_WARN_DIRECT_OBJC_ISA_USAGE = YES_ERROR;
				CLANG_WARN_DOCUMENTATION_COMMENTS = YES;
				CLANG_WARN_EMPTY_BODY = YES;
				CLANG_WARN_ENUM_CONVERSION = YES;
				CLANG_WARN_INFINITE_RECURSION = YES;
				CLANG_WARN_INT_CONVERSION = YES;
				CLANG_WARN_NON_LITERAL_NULL_CONVERSION = YES;
				CLANG_WARN_OBJC_IMPLICIT_RETAIN_SELF = YES;
				CLANG_WARN_OBJC_LITERAL_CONVERSION = YES;
				CLANG_WARN_OBJC_ROOT_CLASS = YES_ERROR;
				CLANG_WARN_QUOTED_INCLUDE_IN_FRAMEWORK_HEADER = YES;
				CLANG_WARN_RANGE_LOOP_ANALYSIS = YES;
				CLANG_WARN_STRICT_PROTOTYPES = YES;
				CLANG_WARN_SUSPICIOUS_MOVE = YES;
				CLANG_WARN_UNGUARDED_AVAILABILITY = YES_AGGRESSIVE;
				CLANG_WARN_UNREACHABLE_CODE = YES;
				CLANG_WARN__DUPLICATE_METHOD_MATCH = YES;
				COPY_PHASE_STRIP = NO;
				DEBUG_INFORMATION_FORMAT = dwarf;
				ENABLE_STRICT_OBJC_MSGSEND = YES;
				ENABLE_TESTABILITY = YES;
				GCC_C_LANGUAGE_STANDARD = gnu11;
				GCC_DYNAMIC_NO_PIC = NO;
				GCC_NO_COMMON_BLOCKS = YES;
				GCC_OPTIMIZATION_LEVEL = 0;
				GCC_PREPROCESSOR_DEFINITIONS = (
					"DEBUG=1",
					"$(inherited)",
				);
				GCC_WARN_64_TO_32_BIT_CONVERSION = YES;
				GCC_WARN_ABOUT_RETURN_TYPE = YES_ERROR;
				GCC_WARN_UNDECLARED_SELECTOR = YES;
				GCC_WARN_UNINITIALIZED_AUTOS = YES_AGGRESSIVE;
				GCC_WARN_UNUSED_FUNCTION = YES;
				GCC_WARN_UNUSED_VARIABLE = YES;
				IPHONEOS_DEPLOYMENT_TARGET = 15.5;
				MTL_ENABLE_DEBUG_INFO = INCLUDE_SOURCE;
				MTL_FAST_MATH = YES;
				ONLY_ACTIVE_ARCH = YES;
				SDKROOT = iphoneos;
				SWIFT_ACTIVE_COMPILATION_CONDITIONS = DEBUG;
				SWIFT_OPTIMIZATION_LEVEL = "-Onone";
			};
			name = Debug;
		};
		4EC3CBEF286C78F000385249 /* Release */ = {
			isa = XCBuildConfiguration;
			buildSettings = {
				ALWAYS_SEARCH_USER_PATHS = NO;
				CLANG_ANALYZER_NONNULL = YES;
				CLANG_ANALYZER_NUMBER_OBJECT_CONVERSION = YES_AGGRESSIVE;
				CLANG_CXX_LANGUAGE_STANDARD = "gnu++17";
				CLANG_ENABLE_MODULES = YES;
				CLANG_ENABLE_OBJC_ARC = YES;
				CLANG_ENABLE_OBJC_WEAK = YES;
				CLANG_WARN_BLOCK_CAPTURE_AUTORELEASING = YES;
				CLANG_WARN_BOOL_CONVERSION = YES;
				CLANG_WARN_COMMA = YES;
				CLANG_WARN_CONSTANT_CONVERSION = YES;
				CLANG_WARN_DEPRECATED_OBJC_IMPLEMENTATIONS = YES;
				CLANG_WARN_DIRECT_OBJC_ISA_USAGE = YES_ERROR;
				CLANG_WARN_DOCUMENTATION_COMMENTS = YES;
				CLANG_WARN_EMPTY_BODY = YES;
				CLANG_WARN_ENUM_CONVERSION = YES;
				CLANG_WARN_INFINITE_RECURSION = YES;
				CLANG_WARN_INT_CONVERSION = YES;
				CLANG_WARN_NON_LITERAL_NULL_CONVERSION = YES;
				CLANG_WARN_OBJC_IMPLICIT_RETAIN_SELF = YES;
				CLANG_WARN_OBJC_LITERAL_CONVERSION = YES;
				CLANG_WARN_OBJC_ROOT_CLASS = YES_ERROR;
				CLANG_WARN_QUOTED_INCLUDE_IN_FRAMEWORK_HEADER = YES;
				CLANG_WARN_RANGE_LOOP_ANALYSIS = YES;
				CLANG_WARN_STRICT_PROTOTYPES = YES;
				CLANG_WARN_SUSPICIOUS_MOVE = YES;
				CLANG_WARN_UNGUARDED_AVAILABILITY = YES_AGGRESSIVE;
				CLANG_WARN_UNREACHABLE_CODE = YES;
				CLANG_WARN__DUPLICATE_METHOD_MATCH = YES;
				COPY_PHASE_STRIP = NO;
				DEBUG_INFORMATION_FORMAT = "dwarf-with-dsym";
				ENABLE_NS_ASSERTIONS = NO;
				ENABLE_STRICT_OBJC_MSGSEND = YES;
				GCC_C_LANGUAGE_STANDARD = gnu11;
				GCC_NO_COMMON_BLOCKS = YES;
				GCC_WARN_64_TO_32_BIT_CONVERSION = YES;
				GCC_WARN_ABOUT_RETURN_TYPE = YES_ERROR;
				GCC_WARN_UNDECLARED_SELECTOR = YES;
				GCC_WARN_UNINITIALIZED_AUTOS = YES_AGGRESSIVE;
				GCC_WARN_UNUSED_FUNCTION = YES;
				GCC_WARN_UNUSED_VARIABLE = YES;
				IPHONEOS_DEPLOYMENT_TARGET = 15.5;
				MTL_ENABLE_DEBUG_INFO = NO;
				MTL_FAST_MATH = YES;
				SDKROOT = iphoneos;
				SWIFT_COMPILATION_MODE = wholemodule;
				SWIFT_OPTIMIZATION_LEVEL = "-O";
				VALIDATE_PRODUCT = YES;
			};
			name = Release;
		};
		4EC3CBF1286C78F000385249 /* Debug */ = {
			isa = XCBuildConfiguration;
			buildSettings = {
				ASSETCATALOG_COMPILER_APPICON_NAME = AppIcon;
				ASSETCATALOG_COMPILER_GLOBAL_ACCENT_COLOR_NAME = AccentColor;
				CODE_SIGN_STYLE = Automatic;
				CURRENT_PROJECT_VERSION = 1;
				DEVELOPMENT_ASSET_PATHS = "\"weatherApp/Preview Content\"";
				DEVELOPMENT_TEAM = VWD3W6VA3Y;
				ENABLE_PREVIEWS = YES;
				GENERATE_INFOPLIST_FILE = YES;
				INFOPLIST_KEY_UIApplicationSceneManifest_Generation = YES;
				INFOPLIST_KEY_UIApplicationSupportsIndirectInputEvents = YES;
				INFOPLIST_KEY_UILaunchScreen_Generation = YES;
				INFOPLIST_KEY_UISupportedInterfaceOrientations_iPad = "UIInterfaceOrientationPortrait UIInterfaceOrientationPortraitUpsideDown UIInterfaceOrientationLandscapeLeft UIInterfaceOrientationLandscapeRight";
				INFOPLIST_KEY_UISupportedInterfaceOrientations_iPhone = "UIInterfaceOrientationPortrait UIInterfaceOrientationLandscapeLeft UIInterfaceOrientationLandscapeRight";
				LD_RUNPATH_SEARCH_PATHS = (
					"$(inherited)",
					"@executable_path/Frameworks",
				);
				MARKETING_VERSION = 1.0;
				PRODUCT_BUNDLE_IDENTIFIER = com.vladponceaweather;
				PRODUCT_NAME = "$(TARGET_NAME)";
				SWIFT_EMIT_LOC_STRINGS = YES;
				SWIFT_VERSION = 5.0;
				TARGETED_DEVICE_FAMILY = "1,2";
			};
			name = Debug;
		};
		4EC3CBF2286C78F000385249 /* Release */ = {
			isa = XCBuildConfiguration;
			buildSettings = {
				ASSETCATALOG_COMPILER_APPICON_NAME = AppIcon;
				ASSETCATALOG_COMPILER_GLOBAL_ACCENT_COLOR_NAME = AccentColor;
				CODE_SIGN_STYLE = Automatic;
				CURRENT_PROJECT_VERSION = 1;
				DEVELOPMENT_ASSET_PATHS = "\"weatherApp/Preview Content\"";
				DEVELOPMENT_TEAM = VWD3W6VA3Y;
				ENABLE_PREVIEWS = YES;
				GENERATE_INFOPLIST_FILE = YES;
				INFOPLIST_KEY_UIApplicationSceneManifest_Generation = YES;
				INFOPLIST_KEY_UIApplicationSupportsIndirectInputEvents = YES;
				INFOPLIST_KEY_UILaunchScreen_Generation = YES;
				INFOPLIST_KEY_UISupportedInterfaceOrientations_iPad = "UIInterfaceOrientationPortrait UIInterfaceOrientationPortraitUpsideDown UIInterfaceOrientationLandscapeLeft UIInterfaceOrientationLandscapeRight";
				INFOPLIST_KEY_UISupportedInterfaceOrientations_iPhone = "UIInterfaceOrientationPortrait UIInterfaceOrientationLandscapeLeft UIInterfaceOrientationLandscapeRight";
				LD_RUNPATH_SEARCH_PATHS = (
					"$(inherited)",
					"@executable_path/Frameworks",
				);
				MARKETING_VERSION = 1.0;
				PRODUCT_BUNDLE_IDENTIFIER = com.vladponceaweather;
				PRODUCT_NAME = "$(TARGET_NAME)";
				SWIFT_EMIT_LOC_STRINGS = YES;
				SWIFT_VERSION = 5.0;
				TARGETED_DEVICE_FAMILY = "1,2";
			};
			name = Release;
		};
/* End XCBuildConfiguration section */

/* Begin XCConfigurationList section */
		4EC3CBDD286C78EF00385249 /* Build configuration list for PBXProject "weatherApp" */ = {
			isa = XCConfigurationList;
			buildConfigurations = (
				4EC3CBEE286C78F000385249 /* Debug */,
				4EC3CBEF286C78F000385249 /* Release */,
			);
			defaultConfigurationIsVisible = 0;
			defaultConfigurationName = Release;
		};
		4EC3CBF0286C78F000385249 /* Build configuration list for PBXNativeTarget "weatherApp" */ = {
			isa = XCConfigurationList;
			buildConfigurations = (
				4EC3CBF1286C78F000385249 /* Debug */,
				4EC3CBF2286C78F000385249 /* Release */,
			);
			defaultConfigurationIsVisible = 0;
			defaultConfigurationName = Release;
		};
/* End XCConfigurationList section */
	};
	rootObject = 4EC3CBDA286C78EF00385249 /* Project object */;
}
